{
  "originHash" : "7a42b114802059f337913c41f1a323e66ad013257b0c7c8e4c81ebc80a7182ad",
  "pins" : [
    {
      "identity" : "cloudkitsyncmonitor",
      "kind" : "remoteSourceControl",
      "location" : "https://github.com/ggruen/CloudKitSyncMonitor.git",
      "state" : {
        "revision" : "8f8de8e71928df27bf023cc6ed808a8b6270a0d3",
        "version" : "1.2.1"
      }
    }
  ],
  "version" : 3
}
